
Microsoft Visual Studio Solution File, Format Version 12.00
# Visual Studio Version 17
VisualStudioVersion = 17.1.32421.90
MinimumVisualStudioVersion = 10.0.40219.1
Project("{9A19103F-16F7-4668-BE54-9A1E7A4F7556}") = "DentistsBooking.Api", "DentistsBooking.Api\DentistsBooking.Api.csproj", "{B961F56D-61F4-47B4-ABB8-7CFC517134D3}"
EndProject
Project("{9A19103F-16F7-4668-BE54-9A1E7A4F7556}") = "DentistBooking.Data", "DentistBooking.Data\DentistBooking.Data.csproj", "{0B04C18B-D667-4914-8955-72C620FE7172}"
EndProject
Project("{9A19103F-16F7-4668-BE54-9A1E7A4F7556}") = "BookingDentist.Constant", "Constant\BookingDentist.Constant.csproj", "{EEBF34C2-2B56-4B9B-9394-78CCE04BC34F}"
EndProject
Project("{9A19103F-16F7-4668-BE54-9A1E7A4F7556}") = "DentistBooking.Application", "DentistBooking.Application\DentistBooking.Application.csproj", "{7F505CA5-FE56-40B7-9358-6C79A8FF674D}"
EndProject
Project("{9A19103F-16F7-4668-BE54-9A1E7A4F7556}") = "DentistBooking.ViewModels", "DentistBooking.ViewModels\DentistBooking.ViewModels.csproj", "{6E6B6DBB-9FE2-444E-A374-E53B7DFB9B7C}"
EndProject
Project("{FAE04EC0-301F-11D3-BF4B-00C04F79EFBC}") = "DentistBookingBlazor.FE", "DentistBookingBlazor.FE\DentistBookingBlazor.FE.csproj", "{BB7A2A74-BC59-4E40-9D82-9AC0E632D1FF}"
EndProject
Global
	GlobalSection(SolutionConfigurationPlatforms) = preSolution
		Debug|Any CPU = Debug|Any CPU
		Release|Any CPU = Release|Any CPU
	EndGlobalSection
	GlobalSection(ProjectConfigurationPlatforms) = postSolution
		{B961F56D-61F4-47B4-ABB8-7CFC517134D3}.Debug|Any CPU.ActiveCfg = Debug|Any CPU
		{B961F56D-61F4-47B4-ABB8-7CFC517134D3}.Debug|Any CPU.Build.0 = Debug|Any CPU
		{B961F56D-61F4-47B4-ABB8-7CFC517134D3}.Release|Any CPU.ActiveCfg = Release|Any CPU
		{B961F56D-61F4-47B4-ABB8-7CFC517134D3}.Release|Any CPU.Build.0 = Release|Any CPU
		{0B04C18B-D667-4914-8955-72C620FE7172}.Debug|Any CPU.ActiveCfg = Debug|Any CPU
		{0B04C18B-D667-4914-8955-72C620FE7172}.Debug|Any CPU.Build.0 = Debug|Any CPU
		{0B04C18B-D667-4914-8955-72C620FE7172}.Release|Any CPU.ActiveCfg = Release|Any CPU
		{0B04C18B-D667-4914-8955-72C620FE7172}.Release|Any CPU.Build.0 = Release|Any CPU
		{EEBF34C2-2B56-4B9B-9394-78CCE04BC34F}.Debug|Any CPU.ActiveCfg = Debug|Any CPU
		{EEBF34C2-2B56-4B9B-9394-78CCE04BC34F}.Debug|Any CPU.Build.0 = Debug|Any CPU
		{EEBF34C2-2B56-4B9B-9394-78CCE04BC34F}.Release|Any CPU.ActiveCfg = Release|Any CPU
		{EEBF34C2-2B56-4B9B-9394-78CCE04BC34F}.Release|Any CPU.Build.0 = Release|Any CPU
		{7F505CA5-FE56-40B7-9358-6C79A8FF674D}.Debug|Any CPU.ActiveCfg = Debug|Any CPU
		{7F505CA5-FE56-40B7-9358-6C79A8FF674D}.Debug|Any CPU.Build.0 = Debug|Any CPU
		{7F505CA5-FE56-40B7-9358-6C79A8FF674D}.Release|Any CPU.ActiveCfg = Release|Any CPU
		{7F505CA5-FE56-40B7-9358-6C79A8FF674D}.Release|Any CPU.Build.0 = Release|Any CPU
		{6E6B6DBB-9FE2-444E-A374-E53B7DFB9B7C}.Debug|Any CPU.ActiveCfg = Debug|Any CPU
		{6E6B6DBB-9FE2-444E-A374-E53B7DFB9B7C}.Debug|Any CPU.Build.0 = Debug|Any CPU
		{6E6B6DBB-9FE2-444E-A374-E53B7DFB9B7C}.Release|Any CPU.ActiveCfg = Release|Any CPU
		{6E6B6DBB-9FE2-444E-A374-E53B7DFB9B7C}.Release|Any CPU.Build.0 = Release|Any CPU
		{BB7A2A74-BC59-4E40-9D82-9AC0E632D1FF}.Debug|Any CPU.ActiveCfg = Debug|Any CPU
		{BB7A2A74-BC59-4E40-9D82-9AC0E632D1FF}.Debug|Any CPU.Build.0 = Debug|Any CPU
		{BB7A2A74-BC59-4E40-9D82-9AC0E632D1FF}.Release|Any CPU.ActiveCfg = Release|Any CPU
		{BB7A2A74-BC59-4E40-9D82-9AC0E632D1FF}.Release|Any CPU.Build.0 = Release|Any CPU
	EndGlobalSection
	GlobalSection(SolutionProperties) = preSolution
		HideSolutionNode = FALSE
	EndGlobalSection
	GlobalSection(ExtensibilityGlobals) = postSolution
		SolutionGuid = {6C484C5B-3684-48A3-A24F-85A211AAC2C3}
	EndGlobalSection
EndGlobal
